
Microsoft Visual Studio Solution File, Format Version 12.00
# Visual Studio Version 16
VisualStudioVersion = 16.0.31025.194
MinimumVisualStudioVersion = 10.0.40219.1
Project("{9A19103F-16F7-4668-BE54-9A1E7A4F7556}") = "App1_Sir_Fibonacci", "App1_Sir_Fibonacci.csproj", "{1F22405A-6E4E-4564-BF07-C43133209517}"
EndProject
Global
	GlobalSection(SolutionConfigurationPlatforms) = preSolution
		Debug|Any CPU = Debug|Any CPU
		Release|Any CPU = Release|Any CPU
	EndGlobalSection
	GlobalSection(ProjectConfigurationPlatforms) = postSolution
		{1F22405A-6E4E-4564-BF07-C43133209517}.Debug|Any CPU.ActiveCfg = Debug|Any CPU
		{1F22405A-6E4E-4564-BF07-C43133209517}.Debug|Any CPU.Build.0 = Debug|Any CPU
		{1F22405A-6E4E-4564-BF07-C43133209517}.Release|Any CPU.ActiveCfg = Release|Any CPU
		{1F22405A-6E4E-4564-BF07-C43133209517}.Release|Any CPU.Build.0 = Release|Any CPU
	EndGlobalSection
	GlobalSection(SolutionProperties) = preSolution
		HideSolutionNode = FALSE
	EndGlobalSection
	GlobalSection(ExtensibilityGlobals) = postSolution
		SolutionGuid = {3DF1F1C1-EBAE-4005-ADD6-D18A6DDC1110}
	EndGlobalSection
EndGlobal
